
Microsoft Visual Studio Solution File, Format Version 12.00
# Visual Studio Version 16
VisualStudioVersion = 16.0.31424.327
MinimumVisualStudioVersion = 10.0.40219.1
Project("{FAE04EC0-301F-11D3-BF4B-00C04F79EFBC}") = "WeatherStation", "WeatherStation\WeatherStation.csproj", "{2A82CAB5-D12C-46B9-A2D2-0000CB7F45BA}"
EndProject
Global
	GlobalSection(SolutionConfigurationPlatforms) = preSolution
		Debug|Any CPU = Debug|Any CPU
		Release|Any CPU = Release|Any CPU
	EndGlobalSection
	GlobalSection(ProjectConfigurationPlatforms) = postSolution
		{2A82CAB5-D12C-46B9-A2D2-0000CB7F45BA}.Debug|Any CPU.ActiveCfg = Debug|Any CPU
		{2A82CAB5-D12C-46B9-A2D2-0000CB7F45BA}.Debug|Any CPU.Build.0 = Debug|Any CPU
		{2A82CAB5-D12C-46B9-A2D2-0000CB7F45BA}.Release|Any CPU.ActiveCfg = Release|Any CPU
		{2A82CAB5-D12C-46B9-A2D2-0000CB7F45BA}.Release|Any CPU.Build.0 = Release|Any CPU
	EndGlobalSection
	GlobalSection(SolutionProperties) = preSolution
		HideSolutionNode = FALSE
	EndGlobalSection
	GlobalSection(ExtensibilityGlobals) = postSolution
		SolutionGuid = {7F3FD778-062E-44A0-9D9E-1C9F9023C86B}
	EndGlobalSection
EndGlobal
